
Microsoft Visual Studio Solution File, Format Version 12.00
# Visual Studio Version 16
VisualStudioVersion = 16.0.31129.286
MinimumVisualStudioVersion = 10.0.40219.1
Project("{FAE04EC0-301F-11D3-BF4B-00C04F79EFBC}") = "6 - Loops", "6 - Loops\6 - Loops.csproj", "{38CDBE2B-CEE4-4B27-901D-60F1AEDCA526}"
EndProject
Global
	GlobalSection(SolutionConfigurationPlatforms) = preSolution
		Debug|Any CPU = Debug|Any CPU
		Release|Any CPU = Release|Any CPU
	EndGlobalSection
	GlobalSection(ProjectConfigurationPlatforms) = postSolution
		{38CDBE2B-CEE4-4B27-901D-60F1AEDCA526}.Debug|Any CPU.ActiveCfg = Debug|Any CPU
		{38CDBE2B-CEE4-4B27-901D-60F1AEDCA526}.Debug|Any CPU.Build.0 = Debug|Any CPU
		{38CDBE2B-CEE4-4B27-901D-60F1AEDCA526}.Release|Any CPU.ActiveCfg = Release|Any CPU
		{38CDBE2B-CEE4-4B27-901D-60F1AEDCA526}.Release|Any CPU.Build.0 = Release|Any CPU
	EndGlobalSection
	GlobalSection(SolutionProperties) = preSolution
		HideSolutionNode = FALSE
	EndGlobalSection
	GlobalSection(ExtensibilityGlobals) = postSolution
		SolutionGuid = {22319A80-C4CF-487C-80DA-0552E55DA21E}
	EndGlobalSection
EndGlobal
