
Microsoft Visual Studio Solution File, Format Version 12.00
# Visual Studio Version 16
VisualStudioVersion = 16.0.31129.286
MinimumVisualStudioVersion = 10.0.40219.1
Project("{FAE04EC0-301F-11D3-BF4B-00C04F79EFBC}") = "1 - Hello World", "1 - Hello World\1 - Hello World.csproj", "{AEEC46BE-F378-4D82-8FFF-2D70B7E9639C}"
EndProject
Global
	GlobalSection(SolutionConfigurationPlatforms) = preSolution
		Debug|Any CPU = Debug|Any CPU
		Release|Any CPU = Release|Any CPU
	EndGlobalSection
	GlobalSection(ProjectConfigurationPlatforms) = postSolution
		{AEEC46BE-F378-4D82-8FFF-2D70B7E9639C}.Debug|Any CPU.ActiveCfg = Debug|Any CPU
		{AEEC46BE-F378-4D82-8FFF-2D70B7E9639C}.Debug|Any CPU.Build.0 = Debug|Any CPU
		{AEEC46BE-F378-4D82-8FFF-2D70B7E9639C}.Release|Any CPU.ActiveCfg = Release|Any CPU
		{AEEC46BE-F378-4D82-8FFF-2D70B7E9639C}.Release|Any CPU.Build.0 = Release|Any CPU
	EndGlobalSection
	GlobalSection(SolutionProperties) = preSolution
		HideSolutionNode = FALSE
	EndGlobalSection
	GlobalSection(ExtensibilityGlobals) = postSolution
		SolutionGuid = {E0CDE3CF-07E9-4073-9BBC-A16E26E8543F}
	EndGlobalSection
EndGlobal
