
Microsoft Visual Studio Solution File, Format Version 12.00
# Visual Studio Version 16
VisualStudioVersion = 16.0.31129.286
MinimumVisualStudioVersion = 10.0.40219.1
Project("{FAE04EC0-301F-11D3-BF4B-00C04F79EFBC}") = "1 - How to create a generic class", "1 - How to create a generic class\1 - How to create a generic class.csproj", "{D5BAF731-4595-4EA1-A127-2724C69F20B6}"
EndProject
Global
	GlobalSection(SolutionConfigurationPlatforms) = preSolution
		Debug|Any CPU = Debug|Any CPU
		Release|Any CPU = Release|Any CPU
	EndGlobalSection
	GlobalSection(ProjectConfigurationPlatforms) = postSolution
		{D5BAF731-4595-4EA1-A127-2724C69F20B6}.Debug|Any CPU.ActiveCfg = Debug|Any CPU
		{D5BAF731-4595-4EA1-A127-2724C69F20B6}.Debug|Any CPU.Build.0 = Debug|Any CPU
		{D5BAF731-4595-4EA1-A127-2724C69F20B6}.Release|Any CPU.ActiveCfg = Release|Any CPU
		{D5BAF731-4595-4EA1-A127-2724C69F20B6}.Release|Any CPU.Build.0 = Release|Any CPU
	EndGlobalSection
	GlobalSection(SolutionProperties) = preSolution
		HideSolutionNode = FALSE
	EndGlobalSection
	GlobalSection(ExtensibilityGlobals) = postSolution
		SolutionGuid = {6C93289C-91D1-483C-AD12-1B421EE21A71}
	EndGlobalSection
EndGlobal
