
Microsoft Visual Studio Solution File, Format Version 12.00
# Visual Studio Version 16
VisualStudioVersion = 16.0.31129.286
MinimumVisualStudioVersion = 10.0.40219.1
Project("{FAE04EC0-301F-11D3-BF4B-00C04F79EFBC}") = "2 - Events in WinForms", "2 - Events in WinForms\2 - Events in WinForms.csproj", "{EED712E8-DACA-4B9E-B658-757CD95B4CCE}"
EndProject
Global
	GlobalSection(SolutionConfigurationPlatforms) = preSolution
		Debug|Any CPU = Debug|Any CPU
		Release|Any CPU = Release|Any CPU
	EndGlobalSection
	GlobalSection(ProjectConfigurationPlatforms) = postSolution
		{EED712E8-DACA-4B9E-B658-757CD95B4CCE}.Debug|Any CPU.ActiveCfg = Debug|Any CPU
		{EED712E8-DACA-4B9E-B658-757CD95B4CCE}.Debug|Any CPU.Build.0 = Debug|Any CPU
		{EED712E8-DACA-4B9E-B658-757CD95B4CCE}.Release|Any CPU.ActiveCfg = Release|Any CPU
		{EED712E8-DACA-4B9E-B658-757CD95B4CCE}.Release|Any CPU.Build.0 = Release|Any CPU
	EndGlobalSection
	GlobalSection(SolutionProperties) = preSolution
		HideSolutionNode = FALSE
	EndGlobalSection
	GlobalSection(ExtensibilityGlobals) = postSolution
		SolutionGuid = {2611F256-F693-489D-AC7E-7CEFA3D9C1FD}
	EndGlobalSection
EndGlobal
