
Microsoft Visual Studio Solution File, Format Version 12.00
# Visual Studio Version 16
VisualStudioVersion = 16.0.31129.286
MinimumVisualStudioVersion = 10.0.40219.1
Project("{FAE04EC0-301F-11D3-BF4B-00C04F79EFBC}") = "6 - This and Base", "6 - This and Base\6 - This and Base.csproj", "{34C9925B-8CF1-42B6-A634-47DE121CD37D}"
EndProject
Global
	GlobalSection(SolutionConfigurationPlatforms) = preSolution
		Debug|Any CPU = Debug|Any CPU
		Release|Any CPU = Release|Any CPU
	EndGlobalSection
	GlobalSection(ProjectConfigurationPlatforms) = postSolution
		{34C9925B-8CF1-42B6-A634-47DE121CD37D}.Debug|Any CPU.ActiveCfg = Debug|Any CPU
		{34C9925B-8CF1-42B6-A634-47DE121CD37D}.Debug|Any CPU.Build.0 = Debug|Any CPU
		{34C9925B-8CF1-42B6-A634-47DE121CD37D}.Release|Any CPU.ActiveCfg = Release|Any CPU
		{34C9925B-8CF1-42B6-A634-47DE121CD37D}.Release|Any CPU.Build.0 = Release|Any CPU
	EndGlobalSection
	GlobalSection(SolutionProperties) = preSolution
		HideSolutionNode = FALSE
	EndGlobalSection
	GlobalSection(ExtensibilityGlobals) = postSolution
		SolutionGuid = {9438ABBA-4120-4C75-8AC2-5C2C3FDB3A0E}
	EndGlobalSection
EndGlobal
