
Microsoft Visual Studio Solution File, Format Version 12.00
# Visual Studio Version 16
VisualStudioVersion = 16.0.31129.286
MinimumVisualStudioVersion = 10.0.40219.1
Project("{FAE04EC0-301F-11D3-BF4B-00C04F79EFBC}") = "5 - Abstract classes and interfaces", "5 - Abstract classes and interfaces\5 - Abstract classes and interfaces.csproj", "{D5B20242-C742-4A94-B2C9-B84854D37DBE}"
EndProject
Global
	GlobalSection(SolutionConfigurationPlatforms) = preSolution
		Debug|Any CPU = Debug|Any CPU
		Release|Any CPU = Release|Any CPU
	EndGlobalSection
	GlobalSection(ProjectConfigurationPlatforms) = postSolution
		{D5B20242-C742-4A94-B2C9-B84854D37DBE}.Debug|Any CPU.ActiveCfg = Debug|Any CPU
		{D5B20242-C742-4A94-B2C9-B84854D37DBE}.Debug|Any CPU.Build.0 = Debug|Any CPU
		{D5B20242-C742-4A94-B2C9-B84854D37DBE}.Release|Any CPU.ActiveCfg = Release|Any CPU
		{D5B20242-C742-4A94-B2C9-B84854D37DBE}.Release|Any CPU.Build.0 = Release|Any CPU
	EndGlobalSection
	GlobalSection(SolutionProperties) = preSolution
		HideSolutionNode = FALSE
	EndGlobalSection
	GlobalSection(ExtensibilityGlobals) = postSolution
		SolutionGuid = {BE5C1E1F-30E1-4618-BDA2-750248899C36}
	EndGlobalSection
EndGlobal
