
Microsoft Visual Studio Solution File, Format Version 12.00
# Visual Studio Version 16
VisualStudioVersion = 16.0.31129.286
MinimumVisualStudioVersion = 10.0.40219.1
Project("{FAE04EC0-301F-11D3-BF4B-00C04F79EFBC}") = "3 - Arrays", "3 - Arrays\3 - Arrays.csproj", "{4C20CE0D-8C0D-44EB-BE6B-9E27B1F61DA5}"
EndProject
Global
	GlobalSection(SolutionConfigurationPlatforms) = preSolution
		Debug|Any CPU = Debug|Any CPU
		Release|Any CPU = Release|Any CPU
	EndGlobalSection
	GlobalSection(ProjectConfigurationPlatforms) = postSolution
		{4C20CE0D-8C0D-44EB-BE6B-9E27B1F61DA5}.Debug|Any CPU.ActiveCfg = Debug|Any CPU
		{4C20CE0D-8C0D-44EB-BE6B-9E27B1F61DA5}.Debug|Any CPU.Build.0 = Debug|Any CPU
		{4C20CE0D-8C0D-44EB-BE6B-9E27B1F61DA5}.Release|Any CPU.ActiveCfg = Release|Any CPU
		{4C20CE0D-8C0D-44EB-BE6B-9E27B1F61DA5}.Release|Any CPU.Build.0 = Release|Any CPU
	EndGlobalSection
	GlobalSection(SolutionProperties) = preSolution
		HideSolutionNode = FALSE
	EndGlobalSection
	GlobalSection(ExtensibilityGlobals) = postSolution
		SolutionGuid = {EC0C362E-1ED4-4BFB-9742-E0BD842D7916}
	EndGlobalSection
EndGlobal
