
Microsoft Visual Studio Solution File, Format Version 12.00
# Visual Studio Version 16
VisualStudioVersion = 16.0.31129.286
MinimumVisualStudioVersion = 10.0.40219.1
Project("{FAE04EC0-301F-11D3-BF4B-00C04F79EFBC}") = "1 - WinForm", "1 - WinForm\1 - WinForm.csproj", "{DE4CFFAE-775B-486B-97EC-2ED6551D6A84}"
EndProject
Global
	GlobalSection(SolutionConfigurationPlatforms) = preSolution
		Debug|Any CPU = Debug|Any CPU
		Release|Any CPU = Release|Any CPU
	EndGlobalSection
	GlobalSection(ProjectConfigurationPlatforms) = postSolution
		{DE4CFFAE-775B-486B-97EC-2ED6551D6A84}.Debug|Any CPU.ActiveCfg = Debug|Any CPU
		{DE4CFFAE-775B-486B-97EC-2ED6551D6A84}.Debug|Any CPU.Build.0 = Debug|Any CPU
		{DE4CFFAE-775B-486B-97EC-2ED6551D6A84}.Release|Any CPU.ActiveCfg = Release|Any CPU
		{DE4CFFAE-775B-486B-97EC-2ED6551D6A84}.Release|Any CPU.Build.0 = Release|Any CPU
	EndGlobalSection
	GlobalSection(SolutionProperties) = preSolution
		HideSolutionNode = FALSE
	EndGlobalSection
	GlobalSection(ExtensibilityGlobals) = postSolution
		SolutionGuid = {C2C8D663-B7BB-4E37-A137-7EF86A0A5B00}
	EndGlobalSection
EndGlobal
